// !$*UTF8*$!
{
	archiveVersion = 1;
	classes = {
	};
	objectVersion = 56;
	objects = {

/* Begin PBXBuildFile section */
		2C8287C329FB97220064E58A /* TextField.swift in Sources */ = {isa = PBXBuildFile; fileRef = 2C8287C229FB97220064E58A /* TextField.swift */; };
		2CAC43C629FCBE0D0098306F /* SearchCell.swift in Sources */ = {isa = PBXBuildFile; fileRef = 2CAC43C529FCBE0D0098306F /* SearchCell.swift */; };
		2CC67D5429F1210800550457 /* FakeDataService.swift in Sources */ = {isa = PBXBuildFile; fileRef = 2CC67D5329F1210800550457 /* FakeDataService.swift */; };
		2CD8D2C129EF874D00996964 /* AppDelegate.swift in Sources */ = {isa = PBXBuildFile; fileRef = 2CD8D2C029EF874D00996964 /* AppDelegate.swift */; };
		2CD8D2C329EF874D00996964 /* SceneDelegate.swift in Sources */ = {isa = PBXBuildFile; fileRef = 2CD8D2C229EF874D00996964 /* SceneDelegate.swift */; };
		2CD8D2CA29EF874E00996964 /* Assets.xcassets in Resources */ = {isa = PBXBuildFile; fileRef = 2CD8D2C929EF874E00996964 /* Assets.xcassets */; };
		2CD8D2CD29EF874E00996964 /* LaunchScreen.storyboard in Resources */ = {isa = PBXBuildFile; fileRef = 2CD8D2CB29EF874E00996964 /* LaunchScreen.storyboard */; };
		2CD8D2D729EF87FD00996964 /* HomeViewController.swift in Sources */ = {isa = PBXBuildFile; fileRef = 2CD8D2D629EF87FD00996964 /* HomeViewController.swift */; };
		2CD8D2DA29EF893100996964 /* SnapKit in Frameworks */ = {isa = PBXBuildFile; productRef = 2CD8D2D929EF893100996964 /* SnapKit */; };
		2CD8D2DE29EF9D1000996964 /* LogoView.swift in Sources */ = {isa = PBXBuildFile; fileRef = 2CD8D2DD29EF9D1000996964 /* LogoView.swift */; };
		2CD8D2E029EFAAE400996964 /* ItemType.swift in Sources */ = {isa = PBXBuildFile; fileRef = 2CD8D2DF29EFAAE400996964 /* ItemType.swift */; };
		2CD8D2E229EFAC7A00996964 /* StoriesCellInfo.swift in Sources */ = {isa = PBXBuildFile; fileRef = 2CD8D2E129EFAC7A00996964 /* StoriesCellInfo.swift */; };
		2CD8D2E429EFAD8100996964 /* PostItemInfo.swift in Sources */ = {isa = PBXBuildFile; fileRef = 2CD8D2E329EFAD8100996964 /* PostItemInfo.swift */; };
		2CD8D2EA29EFB7CF00996964 /* StoriesSetCell.swift in Sources */ = {isa = PBXBuildFile; fileRef = 2CD8D2E929EFB7CF00996964 /* StoriesSetCell.swift */; };
		2CD8D2EC29EFB8A100996964 /* PostCell.swift in Sources */ = {isa = PBXBuildFile; fileRef = 2CD8D2EB29EFB8A100996964 /* PostCell.swift */; };
		2CD8D2EE29EFC2E900996964 /* StoriesItemCell.swift in Sources */ = {isa = PBXBuildFile; fileRef = 2CD8D2ED29EFC2E900996964 /* StoriesItemCell.swift */; };
		2CF859FB29FA169C007ABE2D /* SearchViewController.swift in Sources */ = {isa = PBXBuildFile; fileRef = 2CF859FA29FA169C007ABE2D /* SearchViewController.swift */; };
		2CF859FD29FA16C1007ABE2D /* NewPostViewController.swift in Sources */ = {isa = PBXBuildFile; fileRef = 2CF859FC29FA16C1007ABE2D /* NewPostViewController.swift */; };
		2CF859FF29FA16E7007ABE2D /* ReelsViewController.swift in Sources */ = {isa = PBXBuildFile; fileRef = 2CF859FE29FA16E7007ABE2D /* ReelsViewController.swift */; };
		2CF85A0129FA16F9007ABE2D /* ProfileViewController.swift in Sources */ = {isa = PBXBuildFile; fileRef = 2CF85A0029FA16F9007ABE2D /* ProfileViewController.swift */; };
/* End PBXBuildFile section */

/* Begin PBXFileReference section */
		2C8287C229FB97220064E58A /* TextField.swift */ = {isa = PBXFileReference; lastKnownFileType = sourcecode.swift; path = TextField.swift; sourceTree = "<group>"; };
		2CAC43C529FCBE0D0098306F /* SearchCell.swift */ = {isa = PBXFileReference; lastKnownFileType = sourcecode.swift; path = SearchCell.swift; sourceTree = "<group>"; };
		2CC67D5329F1210800550457 /* FakeDataService.swift */ = {isa = PBXFileReference; lastKnownFileType = sourcecode.swift; path = FakeDataService.swift; sourceTree = "<group>"; };
		2CD8D2BD29EF874D00996964 /* Instagram.app */ = {isa = PBXFileReference; explicitFileType = wrapper.application; includeInIndex = 0; path = Instagram.app; sourceTree = BUILT_PRODUCTS_DIR; };
		2CD8D2C029EF874D00996964 /* AppDelegate.swift */ = {isa = PBXFileReference; lastKnownFileType = sourcecode.swift; path = AppDelegate.swift; sourceTree = "<group>"; };
		2CD8D2C229EF874D00996964 /* SceneDelegate.swift */ = {isa = PBXFileReference; lastKnownFileType = sourcecode.swift; path = SceneDelegate.swift; sourceTree = "<group>"; };
		2CD8D2C929EF874E00996964 /* Assets.xcassets */ = {isa = PBXFileReference; lastKnownFileType = folder.assetcatalog; path = Assets.xcassets; sourceTree = "<group>"; };
		2CD8D2CC29EF874E00996964 /* Base */ = {isa = PBXFileReference; lastKnownFileType = file.storyboard; name = Base; path = Base.lproj/LaunchScreen.storyboard; sourceTree = "<group>"; };
		2CD8D2CE29EF874E00996964 /* Info.plist */ = {isa = PBXFileReference; lastKnownFileType = text.plist.xml; path = Info.plist; sourceTree = "<group>"; };
		2CD8D2D629EF87FD00996964 /* HomeViewController.swift */ = {isa = PBXFileReference; lastKnownFileType = sourcecode.swift; path = HomeViewController.swift; sourceTree = "<group>"; };
		2CD8D2DD29EF9D1000996964 /* LogoView.swift */ = {isa = PBXFileReference; lastKnownFileType = sourcecode.swift; path = LogoView.swift; sourceTree = "<group>"; };
		2CD8D2DF29EFAAE400996964 /* ItemType.swift */ = {isa = PBXFileReference; lastKnownFileType = sourcecode.swift; path = ItemType.swift; sourceTree = "<group>"; };
		2CD8D2E129EFAC7A00996964 /* StoriesCellInfo.swift */ = {isa = PBXFileReference; lastKnownFileType = sourcecode.swift; path = StoriesCellInfo.swift; sourceTree = "<group>"; };
		2CD8D2E329EFAD8100996964 /* PostItemInfo.swift */ = {isa = PBXFileReference; lastKnownFileType = sourcecode.swift; path = PostItemInfo.swift; sourceTree = "<group>"; };
		2CD8D2E929EFB7CF00996964 /* StoriesSetCell.swift */ = {isa = PBXFileReference; lastKnownFileType = sourcecode.swift; path = StoriesSetCell.swift; sourceTree = "<group>"; };
		2CD8D2EB29EFB8A100996964 /* PostCell.swift */ = {isa = PBXFileReference; lastKnownFileType = sourcecode.swift; path = PostCell.swift; sourceTree = "<group>"; };
		2CD8D2ED29EFC2E900996964 /* StoriesItemCell.swift */ = {isa = PBXFileReference; lastKnownFileType = sourcecode.swift; path = StoriesItemCell.swift; sourceTree = "<group>"; };
		2CF859FA29FA169C007ABE2D /* SearchViewController.swift */ = {isa = PBXFileReference; lastKnownFileType = sourcecode.swift; path = SearchViewController.swift; sourceTree = "<group>"; };
		2CF859FC29FA16C1007ABE2D /* NewPostViewController.swift */ = {isa = PBXFileReference; lastKnownFileType = sourcecode.swift; path = NewPostViewController.swift; sourceTree = "<group>"; };
		2CF859FE29FA16E7007ABE2D /* ReelsViewController.swift */ = {isa = PBXFileReference; lastKnownFileType = sourcecode.swift; path = ReelsViewController.swift; sourceTree = "<group>"; };
		2CF85A0029FA16F9007ABE2D /* ProfileViewController.swift */ = {isa = PBXFileReference; lastKnownFileType = sourcecode.swift; path = ProfileViewController.swift; sourceTree = "<group>"; };
/* End PBXFileReference section */

/* Begin PBXFrameworksBuildPhase section */
		2CD8D2BA29EF874D00996964 /* Frameworks */ = {
			isa = PBXFrameworksBuildPhase;
			buildActionMask = 2147483647;
			files = (
				2CD8D2DA29EF893100996964 /* SnapKit in Frameworks */,
			);
			runOnlyForDeploymentPostprocessing = 0;
		};
/* End PBXFrameworksBuildPhase section */

/* Begin PBXGroup section */
		2C8287B829FB6FC60064E58A /* Core */ = {
			isa = PBXGroup;
			children = (
				2C8287B929FB6FF30064E58A /* Home */,
				2C8287BA29FB70090064E58A /* Search */,
				2C8287BB29FB70180064E58A /* NewPost */,
				2C8287BC29FB70230064E58A /* Reels */,
				2C8287BD29FB70310064E58A /* Profile */,
			);
			path = Core;
			sourceTree = "<group>";
		};
		2C8287B929FB6FF30064E58A /* Home */ = {
			isa = PBXGroup;
			children = (
				2CD8D2E829EFAF2E00996964 /* ViewController */,
				2CD8D2E729EFAEFE00996964 /* Views */,
				2CD8D2E529EFAEC600996964 /* Models */,
			);
			path = Home;
			sourceTree = "<group>";
		};
		2C8287BA29FB70090064E58A /* Search */ = {
			isa = PBXGroup;
			children = (
				2C8287BE29FB70AC0064E58A /* ViewController */,
				2C8287BF29FB70BB0064E58A /* Views */,
			);
			path = Search;
			sourceTree = "<group>";
		};
		2C8287BB29FB70180064E58A /* NewPost */ = {
			isa = PBXGroup;
			children = (
				2CF859FC29FA16C1007ABE2D /* NewPostViewController.swift */,
			);
			path = NewPost;
			sourceTree = "<group>";
		};
		2C8287BC29FB70230064E58A /* Reels */ = {
			isa = PBXGroup;
			children = (
				2CF859FE29FA16E7007ABE2D /* ReelsViewController.swift */,
			);
			path = Reels;
			sourceTree = "<group>";
		};
		2C8287BD29FB70310064E58A /* Profile */ = {
			isa = PBXGroup;
			children = (
				2CF85A0029FA16F9007ABE2D /* ProfileViewController.swift */,
			);
			path = Profile;
			sourceTree = "<group>";
		};
		2C8287BE29FB70AC0064E58A /* ViewController */ = {
			isa = PBXGroup;
			children = (
				2CF859FA29FA169C007ABE2D /* SearchViewController.swift */,
			);
			path = ViewController;
			sourceTree = "<group>";
		};
		2C8287BF29FB70BB0064E58A /* Views */ = {
			isa = PBXGroup;
			children = (
				2CAC43C529FCBE0D0098306F /* SearchCell.swift */,
			);
			path = Views;
			sourceTree = "<group>";
		};
		2C8287C129FB95630064E58A /* Extensions */ = {
			isa = PBXGroup;
			children = (
				2C8287C229FB97220064E58A /* TextField.swift */,
			);
			path = Extensions;
			sourceTree = "<group>";
		};
		2CC67D5229F120CB00550457 /* DataService */ = {
			isa = PBXGroup;
			children = (
				2CC67D5329F1210800550457 /* FakeDataService.swift */,
			);
			path = DataService;
			sourceTree = "<group>";
		};
		2CD8D2B429EF874D00996964 = {
			isa = PBXGroup;
			children = (
				2CD8D2BF29EF874D00996964 /* Instagram */,
				2CD8D2BE29EF874D00996964 /* Products */,
			);
			sourceTree = "<group>";
		};
		2CD8D2BE29EF874D00996964 /* Products */ = {
			isa = PBXGroup;
			children = (
				2CD8D2BD29EF874D00996964 /* Instagram.app */,
			);
			name = Products;
			sourceTree = "<group>";
		};
		2CD8D2BF29EF874D00996964 /* Instagram */ = {
			isa = PBXGroup;
			children = (
				2CD8D2D529EF878D00996964 /* Application */,
				2CD8D2D429EF875700996964 /* Resources */,
				2C8287C129FB95630064E58A /* Extensions */,
				2CC67D5229F120CB00550457 /* DataService */,
				2C8287B829FB6FC60064E58A /* Core */,
			);
			path = Instagram;
			sourceTree = "<group>";
		};
		2CD8D2D429EF875700996964 /* Resources */ = {
			isa = PBXGroup;
			children = (
				2CD8D2CE29EF874E00996964 /* Info.plist */,
				2CD8D2CB29EF874E00996964 /* LaunchScreen.storyboard */,
				2CD8D2C929EF874E00996964 /* Assets.xcassets */,
			);
			path = Resources;
			sourceTree = "<group>";
		};
		2CD8D2D529EF878D00996964 /* Application */ = {
			isa = PBXGroup;
			children = (
				2CD8D2C029EF874D00996964 /* AppDelegate.swift */,
				2CD8D2C229EF874D00996964 /* SceneDelegate.swift */,
			);
			path = Application;
			sourceTree = "<group>";
		};
		2CD8D2E529EFAEC600996964 /* Models */ = {
			isa = PBXGroup;
			children = (
				2CD8D2DF29EFAAE400996964 /* ItemType.swift */,
				2CD8D2E129EFAC7A00996964 /* StoriesCellInfo.swift */,
				2CD8D2E329EFAD8100996964 /* PostItemInfo.swift */,
			);
			path = Models;
			sourceTree = "<group>";
		};
		2CD8D2E729EFAEFE00996964 /* Views */ = {
			isa = PBXGroup;
			children = (
				2CD8D2DD29EF9D1000996964 /* LogoView.swift */,
				2CD8D2E929EFB7CF00996964 /* StoriesSetCell.swift */,
				2CD8D2ED29EFC2E900996964 /* StoriesItemCell.swift */,
				2CD8D2EB29EFB8A100996964 /* PostCell.swift */,
			);
			path = Views;
			sourceTree = "<group>";
		};
		2CD8D2E829EFAF2E00996964 /* ViewController */ = {
			isa = PBXGroup;
			children = (
				2CD8D2D629EF87FD00996964 /* HomeViewController.swift */,
			);
			path = ViewController;
			sourceTree = "<group>";
		};
/* End PBXGroup section */

/* Begin PBXNativeTarget section */
		2CD8D2BC29EF874D00996964 /* Instagram */ = {
			isa = PBXNativeTarget;
			buildConfigurationList = 2CD8D2D129EF874E00996964 /* Build configuration list for PBXNativeTarget "Instagram" */;
			buildPhases = (
				2CD8D2B929EF874D00996964 /* Sources */,
				2CD8D2BA29EF874D00996964 /* Frameworks */,
				2CD8D2BB29EF874D00996964 /* Resources */,
			);
			buildRules = (
			);
			dependencies = (
			);
			name = Instagram;
			packageProductDependencies = (
				2CD8D2D929EF893100996964 /* SnapKit */,
			);
			productName = Instagram;
			productReference = 2CD8D2BD29EF874D00996964 /* Instagram.app */;
			productType = "com.apple.product-type.application";
		};
/* End PBXNativeTarget section */

/* Begin PBXProject section */
		2CD8D2B529EF874D00996964 /* Project object */ = {
			isa = PBXProject;
			attributes = {
				BuildIndependentTargetsInParallel = 1;
				LastSwiftUpdateCheck = 1420;
				LastUpgradeCheck = 1420;
				TargetAttributes = {
					2CD8D2BC29EF874D00996964 = {
						CreatedOnToolsVersion = 14.2;
					};
				};
			};
			buildConfigurationList = 2CD8D2B829EF874D00996964 /* Build configuration list for PBXProject "Instagram" */;
			compatibilityVersion = "Xcode 14.0";
			developmentRegion = en;
			hasScannedForEncodings = 0;
			knownRegions = (
				en,
				Base,
			);
			mainGroup = 2CD8D2B429EF874D00996964;
			packageReferences = (
				2CD8D2D829EF893100996964 /* XCRemoteSwiftPackageReference "SnapKit" */,
			);
			productRefGroup = 2CD8D2BE29EF874D00996964 /* Products */;
			projectDirPath = "";
			projectRoot = "";
			targets = (
				2CD8D2BC29EF874D00996964 /* Instagram */,
			);
		};
/* End PBXProject section */

/* Begin PBXResourcesBuildPhase section */
		2CD8D2BB29EF874D00996964 /* Resources */ = {
			isa = PBXResourcesBuildPhase;
			buildActionMask = 2147483647;
			files = (
				2CD8D2CD29EF874E00996964 /* LaunchScreen.storyboard in Resources */,
				2CD8D2CA29EF874E00996964 /* Assets.xcassets in Resources */,
			);
			runOnlyForDeploymentPostprocessing = 0;
		};
/* End PBXResourcesBuildPhase section */

/* Begin PBXSourcesBuildPhase section */
		2CD8D2B929EF874D00996964 /* Sources */ = {
			isa = PBXSourcesBuildPhase;
			buildActionMask = 2147483647;
			files = (
				2CD8D2C129EF874D00996964 /* AppDelegate.swift in Sources */,
				2CF859FD29FA16C1007ABE2D /* NewPostViewController.swift in Sources */,
				2CD8D2DE29EF9D1000996964 /* LogoView.swift in Sources */,
				2C8287C329FB97220064E58A /* TextField.swift in Sources */,
				2CD8D2D729EF87FD00996964 /* HomeViewController.swift in Sources */,
				2CF859FF29FA16E7007ABE2D /* ReelsViewController.swift in Sources */,
				2CD8D2E229EFAC7A00996964 /* StoriesCellInfo.swift in Sources */,
				2CD8D2EE29EFC2E900996964 /* StoriesItemCell.swift in Sources */,
				2CD8D2EA29EFB7CF00996964 /* StoriesSetCell.swift in Sources */,
				2CF859FB29FA169C007ABE2D /* SearchViewController.swift in Sources */,
				2CD8D2EC29EFB8A100996964 /* PostCell.swift in Sources */,
				2CD8D2E429EFAD8100996964 /* PostItemInfo.swift in Sources */,
				2CD8D2C329EF874D00996964 /* SceneDelegate.swift in Sources */,
				2CF85A0129FA16F9007ABE2D /* ProfileViewController.swift in Sources */,
				2CC67D5429F1210800550457 /* FakeDataService.swift in Sources */,
				2CAC43C629FCBE0D0098306F /* SearchCell.swift in Sources */,
				2CD8D2E029EFAAE400996964 /* ItemType.swift in Sources */,
			);
			runOnlyForDeploymentPostprocessing = 0;
		};
/* End PBXSourcesBuildPhase section */

/* Begin PBXVariantGroup section */
		2CD8D2CB29EF874E00996964 /* LaunchScreen.storyboard */ = {
			isa = PBXVariantGroup;
			children = (
				2CD8D2CC29EF874E00996964 /* Base */,
			);
			name = LaunchScreen.storyboard;
			sourceTree = "<group>";
		};
/* End PBXVariantGroup section */

/* Begin XCBuildConfiguration section */
		2CD8D2CF29EF874E00996964 /* Debug */ = {
			isa = XCBuildConfiguration;
			buildSettings = {
				ALWAYS_SEARCH_USER_PATHS = NO;
				CLANG_ANALYZER_NONNULL = YES;
				CLANG_ANALYZER_NUMBER_OBJECT_CONVERSION = YES_AGGRESSIVE;
				CLANG_CXX_LANGUAGE_STANDARD = "gnu++20";
				CLANG_ENABLE_MODULES = YES;
				CLANG_ENABLE_OBJC_ARC = YES;
				CLANG_ENABLE_OBJC_WEAK = YES;
				CLANG_WARN_BLOCK_CAPTURE_AUTORELEASING = YES;
				CLANG_WARN_BOOL_CONVERSION = YES;
				CLANG_WARN_COMMA = YES;
				CLANG_WARN_CONSTANT_CONVERSION = YES;
				CLANG_WARN_DEPRECATED_OBJC_IMPLEMENTATIONS = YES;
				CLANG_WARN_DIRECT_OBJC_ISA_USAGE = YES_ERROR;
				CLANG_WARN_DOCUMENTATION_COMMENTS = YES;
				CLANG_WARN_EMPTY_BODY = YES;
				CLANG_WARN_ENUM_CONVERSION = YES;
				CLANG_WARN_INFINITE_RECURSION = YES;
				CLANG_WARN_INT_CONVERSION = YES;
				CLANG_WARN_NON_LITERAL_NULL_CONVERSION = YES;
				CLANG_WARN_OBJC_IMPLICIT_RETAIN_SELF = YES;
				CLANG_WARN_OBJC_LITERAL_CONVERSION = YES;
				CLANG_WARN_OBJC_ROOT_CLASS = YES_ERROR;
				CLANG_WARN_QUOTED_INCLUDE_IN_FRAMEWORK_HEADER = YES;
				CLANG_WARN_RANGE_LOOP_ANALYSIS = YES;
				CLANG_WARN_STRICT_PROTOTYPES = YES;
				CLANG_WARN_SUSPICIOUS_MOVE = YES;
				CLANG_WARN_UNGUARDED_AVAILABILITY = YES_AGGRESSIVE;
				CLANG_WARN_UNREACHABLE_CODE = YES;
				CLANG_WARN__DUPLICATE_METHOD_MATCH = YES;
				COPY_PHASE_STRIP = NO;
				DEBUG_INFORMATION_FORMAT = dwarf;
				ENABLE_STRICT_OBJC_MSGSEND = YES;
				ENABLE_TESTABILITY = YES;
				GCC_C_LANGUAGE_STANDARD = gnu11;
				GCC_DYNAMIC_NO_PIC = NO;
				GCC_NO_COMMON_BLOCKS = YES;
				GCC_OPTIMIZATION_LEVEL = 0;
				GCC_PREPROCESSOR_DEFINITIONS = (
					"DEBUG=1",
					"$(inherited)",
				);
				GCC_WARN_64_TO_32_BIT_CONVERSION = YES;
				GCC_WARN_ABOUT_RETURN_TYPE = YES_ERROR;
				GCC_WARN_UNDECLARED_SELECTOR = YES;
				GCC_WARN_UNINITIALIZED_AUTOS = YES_AGGRESSIVE;
				GCC_WARN_UNUSED_FUNCTION = YES;
				GCC_WARN_UNUSED_VARIABLE = YES;
				IPHONEOS_DEPLOYMENT_TARGET = 16.2;
				MTL_ENABLE_DEBUG_INFO = INCLUDE_SOURCE;
				MTL_FAST_MATH = YES;
				ONLY_ACTIVE_ARCH = YES;
				SDKROOT = iphoneos;
				SWIFT_ACTIVE_COMPILATION_CONDITIONS = DEBUG;
				SWIFT_OPTIMIZATION_LEVEL = "-Onone";
			};
			name = Debug;
		};
		2CD8D2D029EF874E00996964 /* Release */ = {
			isa = XCBuildConfiguration;
			buildSettings = {
				ALWAYS_SEARCH_USER_PATHS = NO;
				CLANG_ANALYZER_NONNULL = YES;
				CLANG_ANALYZER_NUMBER_OBJECT_CONVERSION = YES_AGGRESSIVE;
				CLANG_CXX_LANGUAGE_STANDARD = "gnu++20";
				CLANG_ENABLE_MODULES = YES;
				CLANG_ENABLE_OBJC_ARC = YES;
				CLANG_ENABLE_OBJC_WEAK = YES;
				CLANG_WARN_BLOCK_CAPTURE_AUTORELEASING = YES;
				CLANG_WARN_BOOL_CONVERSION = YES;
				CLANG_WARN_COMMA = YES;
				CLANG_WARN_CONSTANT_CONVERSION = YES;
				CLANG_WARN_DEPRECATED_OBJC_IMPLEMENTATIONS = YES;
				CLANG_WARN_DIRECT_OBJC_ISA_USAGE = YES_ERROR;
				CLANG_WARN_DOCUMENTATION_COMMENTS = YES;
				CLANG_WARN_EMPTY_BODY = YES;
				CLANG_WARN_ENUM_CONVERSION = YES;
				CLANG_WARN_INFINITE_RECURSION = YES;
				CLANG_WARN_INT_CONVERSION = YES;
				CLANG_WARN_NON_LITERAL_NULL_CONVERSION = YES;
				CLANG_WARN_OBJC_IMPLICIT_RETAIN_SELF = YES;
				CLANG_WARN_OBJC_LITERAL_CONVERSION = YES;
				CLANG_WARN_OBJC_ROOT_CLASS = YES_ERROR;
				CLANG_WARN_QUOTED_INCLUDE_IN_FRAMEWORK_HEADER = YES;
				CLANG_WARN_RANGE_LOOP_ANALYSIS = YES;
				CLANG_WARN_STRICT_PROTOTYPES = YES;
				CLANG_WARN_SUSPICIOUS_MOVE = YES;
				CLANG_WARN_UNGUARDED_AVAILABILITY = YES_AGGRESSIVE;
				CLANG_WARN_UNREACHABLE_CODE = YES;
				CLANG_WARN__DUPLICATE_METHOD_MATCH = YES;
				COPY_PHASE_STRIP = NO;
				DEBUG_INFORMATION_FORMAT = "dwarf-with-dsym";
				ENABLE_NS_ASSERTIONS = NO;
				ENABLE_STRICT_OBJC_MSGSEND = YES;
				GCC_C_LANGUAGE_STANDARD = gnu11;
				GCC_NO_COMMON_BLOCKS = YES;
				GCC_WARN_64_TO_32_BIT_CONVERSION = YES;
				GCC_WARN_ABOUT_RETURN_TYPE = YES_ERROR;
				GCC_WARN_UNDECLARED_SELECTOR = YES;
				GCC_WARN_UNINITIALIZED_AUTOS = YES_AGGRESSIVE;
				GCC_WARN_UNUSED_FUNCTION = YES;
				GCC_WARN_UNUSED_VARIABLE = YES;
				IPHONEOS_DEPLOYMENT_TARGET = 16.2;
				MTL_ENABLE_DEBUG_INFO = NO;
				MTL_FAST_MATH = YES;
				SDKROOT = iphoneos;
				SWIFT_COMPILATION_MODE = wholemodule;
				SWIFT_OPTIMIZATION_LEVEL = "-O";
				VALIDATE_PRODUCT = YES;
			};
			name = Release;
		};
		2CD8D2D229EF874E00996964 /* Debug */ = {
			isa = XCBuildConfiguration;
			buildSettings = {
				ASSETCATALOG_COMPILER_APPICON_NAME = AppIcon;
				ASSETCATALOG_COMPILER_GLOBAL_ACCENT_COLOR_NAME = AccentColor;
				CODE_SIGN_STYLE = Automatic;
				CURRENT_PROJECT_VERSION = 1;
				GENERATE_INFOPLIST_FILE = YES;
				INFOPLIST_FILE = Instagram/Resources/Info.plist;
				INFOPLIST_KEY_UIApplicationSupportsIndirectInputEvents = YES;
				INFOPLIST_KEY_UILaunchStoryboardName = LaunchScreen;
				INFOPLIST_KEY_UISupportedInterfaceOrientations_iPad = "UIInterfaceOrientationPortrait UIInterfaceOrientationPortraitUpsideDown UIInterfaceOrientationLandscapeLeft UIInterfaceOrientationLandscapeRight";
				INFOPLIST_KEY_UISupportedInterfaceOrientations_iPhone = "UIInterfaceOrientationPortrait UIInterfaceOrientationLandscapeLeft UIInterfaceOrientationLandscapeRight";
				LD_RUNPATH_SEARCH_PATHS = (
					"$(inherited)",
					"@executable_path/Frameworks",
				);
				MARKETING_VERSION = 1.0;
				PRODUCT_BUNDLE_IDENTIFIER = Alex.Instagram;
				PRODUCT_NAME = "$(TARGET_NAME)";
				SWIFT_EMIT_LOC_STRINGS = YES;
				SWIFT_VERSION = 5.0;
				TARGETED_DEVICE_FAMILY = "1,2";
			};
			name = Debug;
		};
		2CD8D2D329EF874E00996964 /* Release */ = {
			isa = XCBuildConfiguration;
			buildSettings = {
				ASSETCATALOG_COMPILER_APPICON_NAME = AppIcon;
				ASSETCATALOG_COMPILER_GLOBAL_ACCENT_COLOR_NAME = AccentColor;
				CODE_SIGN_STYLE = Automatic;
				CURRENT_PROJECT_VERSION = 1;
				GENERATE_INFOPLIST_FILE = YES;
				INFOPLIST_FILE = Instagram/Resources/Info.plist;
				INFOPLIST_KEY_UIApplicationSupportsIndirectInputEvents = YES;
				INFOPLIST_KEY_UILaunchStoryboardName = LaunchScreen;
				INFOPLIST_KEY_UISupportedInterfaceOrientations_iPad = "UIInterfaceOrientationPortrait UIInterfaceOrientationPortraitUpsideDown UIInterfaceOrientationLandscapeLeft UIInterfaceOrientationLandscapeRight";
				INFOPLIST_KEY_UISupportedInterfaceOrientations_iPhone = "UIInterfaceOrientationPortrait UIInterfaceOrientationLandscapeLeft UIInterfaceOrientationLandscapeRight";
				LD_RUNPATH_SEARCH_PATHS = (
					"$(inherited)",
					"@executable_path/Frameworks",
				);
				MARKETING_VERSION = 1.0;
				PRODUCT_BUNDLE_IDENTIFIER = Alex.Instagram;
				PRODUCT_NAME = "$(TARGET_NAME)";
				SWIFT_EMIT_LOC_STRINGS = YES;
				SWIFT_VERSION = 5.0;
				TARGETED_DEVICE_FAMILY = "1,2";
			};
			name = Release;
		};
/* End XCBuildConfiguration section */

/* Begin XCConfigurationList section */
		2CD8D2B829EF874D00996964 /* Build configuration list for PBXProject "Instagram" */ = {
			isa = XCConfigurationList;
			buildConfigurations = (
				2CD8D2CF29EF874E00996964 /* Debug */,
				2CD8D2D029EF874E00996964 /* Release */,
			);
			defaultConfigurationIsVisible = 0;
			defaultConfigurationName = Release;
		};
		2CD8D2D129EF874E00996964 /* Build configuration list for PBXNativeTarget "Instagram" */ = {
			isa = XCConfigurationList;
			buildConfigurations = (
				2CD8D2D229EF874E00996964 /* Debug */,
				2CD8D2D329EF874E00996964 /* Release */,
			);
			defaultConfigurationIsVisible = 0;
			defaultConfigurationName = Release;
		};
/* End XCConfigurationList section */

/* Begin XCRemoteSwiftPackageReference section */
		2CD8D2D829EF893100996964 /* XCRemoteSwiftPackageReference "SnapKit" */ = {
			isa = XCRemoteSwiftPackageReference;
			repositoryURL = "https://github.com/SnapKit/SnapKit.git";
			requirement = {
				kind = upToNextMajorVersion;
				minimumVersion = 5.0.0;
			};
		};
/* End XCRemoteSwiftPackageReference section */

/* Begin XCSwiftPackageProductDependency section */
		2CD8D2D929EF893100996964 /* SnapKit */ = {
			isa = XCSwiftPackageProductDependency;
			package = 2CD8D2D829EF893100996964 /* XCRemoteSwiftPackageReference "SnapKit" */;
			productName = SnapKit;
		};
/* End XCSwiftPackageProductDependency section */
	};
	rootObject = 2CD8D2B529EF874D00996964 /* Project object */;
}
